<?xml version="1.0" encoding="UTF-8" standalone="yes" ?>
<CodeBlocks_project_file>
	<FileVersion major="1" minor="6" />
	<Project>
		<Option title="UNFuzzy-3" />
		<Option pch_mode="2" />
		<Option compiler="gcc" />
		<Build>
			<Target title="Debug">
				<Option output="bin/Debug/UNFuzzy-3" prefix_auto="1" extension_auto="1" />
				<Option object_output="obj/Debug/" />
				<Option type="0" />
				<Option compiler="gcc" />
				<Option projectLinkerOptionsRelation="2" />
				<Compiler>
					<Add option="-g" />
					<Add directory="include" />
				</Compiler>
			</Target>
			<Target title="Release">
				<Option output="bin/Release/UNFuzzy-3" prefix_auto="1" extension_auto="1" />
				<Option object_output="obj/Release/" />
				<Option type="0" />
				<Option compiler="gcc" />
				<Option projectLinkerOptionsRelation="2" />
				<Compiler>
					<Add option="-O2" />
					<Add directory="include" />
				</Compiler>
				<Linker>
					<Add option="-s" />
				</Linker>
			</Target>
		</Build>
		<Compiler>
			<Add option="-Wall" />
			<Add option="`wx-config --cflags`" />
			<Add directory="include" />
		</Compiler>
		<Linker>
			<Add option="`wx-config --libs`" />
		</Linker>
		<Unit filename="UNFuzzy_3App.cpp" />
		<Unit filename="UNFuzzy_3App.h" />
		<Unit filename="include/Archivador.h" />
		<Unit filename="include/Arreglo.h" />
		<Unit filename="include/BloqueConcrecion.h" />
		<Unit filename="include/Concresor.h" />
		<Unit filename="include/ConjuntoDifuso.h" />
		<Unit filename="include/DialogoAutodefinirVariable.h" />
		<Unit filename="include/DialogoCalcular.h" />
		<Unit filename="include/DialogoCalculo.h" />
		<Unit filename="include/DialogoCalculoSld.h" />
		<Unit filename="include/DialogoEditarVariable.h" />
		<Unit filename="include/DialogoEntrenamiento.h" />
		<Unit filename="include/DialogoFuncion.h" />
		<Unit filename="include/DialogoFuncionSld.h" />
		<Unit filename="include/DialogoInfo.h" />
		<Unit filename="include/DialogoMotor.h" />
		<Unit filename="include/DialogoPaso.h" />
		<Unit filename="include/DialogoReglas.h" />
		<Unit filename="include/DialogoSLD.h" />
		<Unit filename="include/DialogoVariable.h" />
		<Unit filename="include/Difusor.h" />
		<Unit filename="include/Espanol.h" />
		<Unit filename="include/Graficador.h" />
		<Unit filename="include/Idiomas.h" />
		<Unit filename="include/Implicacion.h" />
		<Unit filename="include/MaquinaInferencia.h" />
		<Unit filename="include/Norma.h" />
		<Unit filename="include/Regla.h" />
		<Unit filename="include/SistemaLogicaDifusa.h" />
		<Unit filename="include/Universo.h" />
		<Unit filename="include/Variable.h" />
		<Unit filename="include/bmps.h" />
		<Unit filename="include/capa.h" />
		<Unit filename="include/nodo.h" />
		<Unit filename="include/pin.h" />
		<Unit filename="include/red.h" />
		<Unit filename="src/Archivador.cpp" />
		<Unit filename="src/Arreglo.cpp" />
		<Unit filename="src/BloqueConcrecion.cpp" />
		<Unit filename="src/Concresor.cpp" />
		<Unit filename="src/ConjuntoDifuso.cpp" />
		<Unit filename="src/DialogoAutodefinirVariable.cpp" />
		<Unit filename="src/DialogoCalcular.cpp" />
		<Unit filename="src/DialogoCalculo.cpp" />
		<Unit filename="src/DialogoCalculoSld.cpp" />
		<Unit filename="src/DialogoEditarVariable.cpp" />
		<Unit filename="src/DialogoEntrenamiento.cpp" />
		<Unit filename="src/DialogoFuncion.cpp" />
		<Unit filename="src/DialogoFuncionSld.cpp" />
		<Unit filename="src/DialogoInfo.cpp" />
		<Unit filename="src/DialogoMotor.cpp" />
		<Unit filename="src/DialogoPaso.cpp" />
		<Unit filename="src/DialogoReglas.cpp" />
		<Unit filename="src/DialogoSLD.cpp" />
		<Unit filename="src/DialogoVariable.cpp" />
		<Unit filename="src/Difusor.cpp" />
		<Unit filename="src/Graficador.cpp" />
		<Unit filename="src/Implicacion.cpp" />
		<Unit filename="src/MaquinaInferencia.cpp" />
		<Unit filename="src/Norma.cpp" />
		<Unit filename="src/Regla.cpp" />
		<Unit filename="src/SistemaLogicaDifusa.cpp" />
		<Unit filename="src/Universo.cpp" />
		<Unit filename="src/Variable.cpp" />
		<Unit filename="src/capa.cpp" />
		<Unit filename="src/nodo.cpp" />
		<Unit filename="src/pin.cpp" />
		<Unit filename="src/red.cpp" />
		<Extensions>
			<envvars />
			<code_completion />
			<debugger />
			<lib_finder disable_auto="1" />
		</Extensions>
	</Project>
</CodeBlocks_project_file>
